
Microsoft Visual Studio Solution File, Format Version 12.00
# Visual Studio Version 16
VisualStudioVersion = 16.0.29926.136
MinimumVisualStudioVersion = 10.0.40219.1
Project("{FAE04EC0-301F-11D3-BF4B-00C04F79EFBC}") = "Crowdfunding_API", "Crowdfunding_API.csproj", "{73AA83C7-7D13-4B14-B938-67818DE99692}"
EndProject
Global
	GlobalSection(SolutionConfigurationPlatforms) = preSolution
		Debug|Any CPU = Debug|Any CPU
		Release|Any CPU = Release|Any CPU
	EndGlobalSection
	GlobalSection(ProjectConfigurationPlatforms) = postSolution
		{73AA83C7-7D13-4B14-B938-67818DE99692}.Debug|Any CPU.ActiveCfg = Debug|Any CPU
		{73AA83C7-7D13-4B14-B938-67818DE99692}.Debug|Any CPU.Build.0 = Debug|Any CPU
		{73AA83C7-7D13-4B14-B938-67818DE99692}.Release|Any CPU.ActiveCfg = Release|Any CPU
		{73AA83C7-7D13-4B14-B938-67818DE99692}.Release|Any CPU.Build.0 = Release|Any CPU
	EndGlobalSection
	GlobalSection(SolutionProperties) = preSolution
		HideSolutionNode = FALSE
	EndGlobalSection
	GlobalSection(ExtensibilityGlobals) = postSolution
		SolutionGuid = {C7B750A1-1F62-400A-9DBB-A21CC1A37C44}
	EndGlobalSection
EndGlobal
